
Microsoft Visual Studio Solution File, Format Version 12.00
# Visual Studio Version 17
VisualStudioVersion = 17.4.33213.308
MinimumVisualStudioVersion = 10.0.40219.1
Project("{FAE04EC0-301F-11D3-BF4B-00C04F79EFBC}") = "COMP003B.SP2024.Lecture3", "COMP003B.SP2024.Lecture3\COMP003B.SP2024.Lecture3.csproj", "{61DA0FE5-B570-4F4E-80E1-FB1735CAE9E3}"
EndProject
Global
	GlobalSection(SolutionConfigurationPlatforms) = preSolution
		Debug|Any CPU = Debug|Any CPU
		Release|Any CPU = Release|Any CPU
	EndGlobalSection
	GlobalSection(ProjectConfigurationPlatforms) = postSolution
		{61DA0FE5-B570-4F4E-80E1-FB1735CAE9E3}.Debug|Any CPU.ActiveCfg = Debug|Any CPU
		{61DA0FE5-B570-4F4E-80E1-FB1735CAE9E3}.Debug|Any CPU.Build.0 = Debug|Any CPU
		{61DA0FE5-B570-4F4E-80E1-FB1735CAE9E3}.Release|Any CPU.ActiveCfg = Release|Any CPU
		{61DA0FE5-B570-4F4E-80E1-FB1735CAE9E3}.Release|Any CPU.Build.0 = Release|Any CPU
	EndGlobalSection
	GlobalSection(SolutionProperties) = preSolution
		HideSolutionNode = FALSE
	EndGlobalSection
	GlobalSection(ExtensibilityGlobals) = postSolution
		SolutionGuid = {22773852-93D7-4BF5-BFB2-47E1AFB9BED0}
	EndGlobalSection
EndGlobal
